
Microsoft Visual Studio Solution File, Format Version 12.00
# Visual Studio 15
VisualStudioVersion = 15.0.27703.2047
MinimumVisualStudioVersion = 10.0.40219.1
Project("{FAE04EC0-301F-11D3-BF4B-00C04F79EFBC}") = "Citadel.Api", "src\Citadel.Api\Citadel.Api.csproj", "{F8FBCC49-A1CB-48F2-93A0-866B0DF694DB}"
EndProject
Project("{2150E333-8FDC-42A3-9474-1A3956D46DE8}") = "tests", "tests", "{E0AE0F1F-163F-493A-988D-A4FC49B1D8C3}"
EndProject
Project("{FAE04EC0-301F-11D3-BF4B-00C04F79EFBC}") = "Citadel.Api.Tests", "src\Citadel.Api.Tests\Citadel.Api.Tests.csproj", "{EFC58884-24B3-4A11-A86F-E5F76039E672}"
EndProject
Global
	GlobalSection(SolutionConfigurationPlatforms) = preSolution
		Debug|Any CPU = Debug|Any CPU
		Release|Any CPU = Release|Any CPU
	EndGlobalSection
	GlobalSection(ProjectConfigurationPlatforms) = postSolution
		{F8FBCC49-A1CB-48F2-93A0-866B0DF694DB}.Debug|Any CPU.ActiveCfg = Debug|Any CPU
		{F8FBCC49-A1CB-48F2-93A0-866B0DF694DB}.Debug|Any CPU.Build.0 = Debug|Any CPU
		{F8FBCC49-A1CB-48F2-93A0-866B0DF694DB}.Release|Any CPU.ActiveCfg = Release|Any CPU
		{F8FBCC49-A1CB-48F2-93A0-866B0DF694DB}.Release|Any CPU.Build.0 = Release|Any CPU
		{EFC58884-24B3-4A11-A86F-E5F76039E672}.Debug|Any CPU.ActiveCfg = Debug|Any CPU
		{EFC58884-24B3-4A11-A86F-E5F76039E672}.Debug|Any CPU.Build.0 = Debug|Any CPU
		{EFC58884-24B3-4A11-A86F-E5F76039E672}.Release|Any CPU.ActiveCfg = Release|Any CPU
		{EFC58884-24B3-4A11-A86F-E5F76039E672}.Release|Any CPU.Build.0 = Release|Any CPU
	EndGlobalSection
	GlobalSection(SolutionProperties) = preSolution
		HideSolutionNode = FALSE
	EndGlobalSection
	GlobalSection(NestedProjects) = preSolution
		{EFC58884-24B3-4A11-A86F-E5F76039E672} = {E0AE0F1F-163F-493A-988D-A4FC49B1D8C3}
	EndGlobalSection
	GlobalSection(ExtensibilityGlobals) = postSolution
		SolutionGuid = {E6B76BCF-9F0D-4137-BC79-DE2E481D8140}
	EndGlobalSection
EndGlobal
